// !$*UTF8*$!
{
	archiveVersion = 1;
	classes = {
	};
	objectVersion = 50;
	objects = {

/* Begin PBXBuildFile section */
		D0533C5A25331C830017134D /* DoubleLinkedList.mm in Sources */ = {isa = PBXBuildFile; fileRef = D0533C5925331C830017134D /* DoubleLinkedList.mm */; };
		D0533C5F253321190017134D /* DoubleLinked.cpp in Sources */ = {isa = PBXBuildFile; fileRef = D0533C5D253321190017134D /* DoubleLinked.cpp */; };
		D076865A24FDE63D00726246 /* XYDictionary.m in Sources */ = {isa = PBXBuildFile; fileRef = D076865924FDE63D00726246 /* XYDictionary.m */; };
		D077A5172521C0BC0098F840 /* LRUCache.mm in Sources */ = {isa = PBXBuildFile; fileRef = D077A5162521C0BC0098F840 /* LRUCache.mm */; };
		D07E810F24FCB6C20071C4C7 /* ReverseList.m in Sources */ = {isa = PBXBuildFile; fileRef = D07E810E24FCB6C20071C4C7 /* ReverseList.m */; };
		D07E811224FCD6510071C4C7 /* HeshFind.m in Sources */ = {isa = PBXBuildFile; fileRef = D07E811124FCD6510071C4C7 /* HeshFind.m */; };
		D07E811524FCDBFE0071C4C7 /* LinkedArray.m in Sources */ = {isa = PBXBuildFile; fileRef = D07E811424FCDBFE0071C4C7 /* LinkedArray.m */; };
		D09F7DC424FC918F00CCB629 /* main.m in Sources */ = {isa = PBXBuildFile; fileRef = D09F7DC324FC918F00CCB629 /* main.m */; };
		D09F7DCF24FCA02200CCB629 /* CharReverse.m in Sources */ = {isa = PBXBuildFile; fileRef = D09F7DCE24FCA02200CCB629 /* CharReverse.m */; };
/* End PBXBuildFile section */

/* Begin PBXCopyFilesBuildPhase section */
		D09F7DBE24FC918F00CCB629 /* CopyFiles */ = {
			isa = PBXCopyFilesBuildPhase;
			buildActionMask = 2147483647;
			dstPath = /usr/share/man/man1/;
			dstSubfolderSpec = 0;
			files = (
			);
			runOnlyForDeploymentPostprocessing = 1;
		};
/* End PBXCopyFilesBuildPhase section */

/* Begin PBXFileReference section */
		D0533C5825331C830017134D /* DoubleLinkedList.h */ = {isa = PBXFileReference; lastKnownFileType = sourcecode.c.h; path = DoubleLinkedList.h; sourceTree = "<group>"; };
		D0533C5925331C830017134D /* DoubleLinkedList.mm */ = {isa = PBXFileReference; lastKnownFileType = sourcecode.cpp.objcpp; path = DoubleLinkedList.mm; sourceTree = "<group>"; };
		D0533C5D253321190017134D /* DoubleLinked.cpp */ = {isa = PBXFileReference; lastKnownFileType = sourcecode.cpp.cpp; path = DoubleLinked.cpp; sourceTree = "<group>"; };
		D0533C5E253321190017134D /* DoubleLinked.hpp */ = {isa = PBXFileReference; lastKnownFileType = sourcecode.cpp.h; path = DoubleLinked.hpp; sourceTree = "<group>"; };
		D076865824FDE63D00726246 /* XYDictionary.h */ = {isa = PBXFileReference; lastKnownFileType = sourcecode.c.h; path = XYDictionary.h; sourceTree = "<group>"; };
		D076865924FDE63D00726246 /* XYDictionary.m */ = {isa = PBXFileReference; lastKnownFileType = sourcecode.c.objc; path = XYDictionary.m; sourceTree = "<group>"; };
		D077A5152521C0BC0098F840 /* LRUCache.h */ = {isa = PBXFileReference; lastKnownFileType = sourcecode.c.h; path = LRUCache.h; sourceTree = "<group>"; };
		D077A5162521C0BC0098F840 /* LRUCache.mm */ = {isa = PBXFileReference; lastKnownFileType = sourcecode.cpp.objcpp; path = LRUCache.mm; sourceTree = "<group>"; };
		D07E810D24FCB6C20071C4C7 /* ReverseList.h */ = {isa = PBXFileReference; lastKnownFileType = sourcecode.c.h; path = ReverseList.h; sourceTree = "<group>"; };
		D07E810E24FCB6C20071C4C7 /* ReverseList.m */ = {isa = PBXFileReference; lastKnownFileType = sourcecode.c.objc; path = ReverseList.m; sourceTree = "<group>"; };
		D07E811024FCD6510071C4C7 /* HeshFind.h */ = {isa = PBXFileReference; lastKnownFileType = sourcecode.c.h; path = HeshFind.h; sourceTree = "<group>"; };
		D07E811124FCD6510071C4C7 /* HeshFind.m */ = {isa = PBXFileReference; lastKnownFileType = sourcecode.c.objc; path = HeshFind.m; sourceTree = "<group>"; };
		D07E811324FCDBFE0071C4C7 /* LinkedArray.h */ = {isa = PBXFileReference; lastKnownFileType = sourcecode.c.h; path = LinkedArray.h; sourceTree = "<group>"; };
		D07E811424FCDBFE0071C4C7 /* LinkedArray.m */ = {isa = PBXFileReference; lastKnownFileType = sourcecode.c.objc; path = LinkedArray.m; sourceTree = "<group>"; };
		D09F7DC024FC918F00CCB629 /* Algorithm */ = {isa = PBXFileReference; explicitFileType = "compiled.mach-o.executable"; includeInIndex = 0; path = Algorithm; sourceTree = BUILT_PRODUCTS_DIR; };
		D09F7DC324FC918F00CCB629 /* main.m */ = {isa = PBXFileReference; lastKnownFileType = sourcecode.c.objc; path = main.m; sourceTree = "<group>"; };
		D09F7DCB24FC9D9000CCB629 /* CharReverse.h */ = {isa = PBXFileReference; lastKnownFileType = sourcecode.c.h; path = CharReverse.h; sourceTree = "<group>"; };
		D09F7DCE24FCA02200CCB629 /* CharReverse.m */ = {isa = PBXFileReference; lastKnownFileType = sourcecode.c.objc; path = CharReverse.m; sourceTree = "<group>"; };
/* End PBXFileReference section */

/* Begin PBXFrameworksBuildPhase section */
		D09F7DBD24FC918F00CCB629 /* Frameworks */ = {
			isa = PBXFrameworksBuildPhase;
			buildActionMask = 2147483647;
			files = (
			);
			runOnlyForDeploymentPostprocessing = 0;
		};
/* End PBXFrameworksBuildPhase section */

/* Begin PBXGroup section */
		D09F7DB724FC918F00CCB629 = {
			isa = PBXGroup;
			children = (
				D09F7DC224FC918F00CCB629 /* Algorithm */,
				D09F7DC124FC918F00CCB629 /* Products */,
			);
			sourceTree = "<group>";
		};
		D09F7DC124FC918F00CCB629 /* Products */ = {
			isa = PBXGroup;
			children = (
				D09F7DC024FC918F00CCB629 /* Algorithm */,
			);
			name = Products;
			sourceTree = "<group>";
		};
		D09F7DC224FC918F00CCB629 /* Algorithm */ = {
			isa = PBXGroup;
			children = (
				D09F7DC324FC918F00CCB629 /* main.m */,
				D09F7DCB24FC9D9000CCB629 /* CharReverse.h */,
				D09F7DCE24FCA02200CCB629 /* CharReverse.m */,
				D07E810D24FCB6C20071C4C7 /* ReverseList.h */,
				D07E810E24FCB6C20071C4C7 /* ReverseList.m */,
				D07E811024FCD6510071C4C7 /* HeshFind.h */,
				D07E811124FCD6510071C4C7 /* HeshFind.m */,
				D07E811324FCDBFE0071C4C7 /* LinkedArray.h */,
				D07E811424FCDBFE0071C4C7 /* LinkedArray.m */,
				D076865824FDE63D00726246 /* XYDictionary.h */,
				D076865924FDE63D00726246 /* XYDictionary.m */,
				D077A5152521C0BC0098F840 /* LRUCache.h */,
				D077A5162521C0BC0098F840 /* LRUCache.mm */,
				D0533C5825331C830017134D /* DoubleLinkedList.h */,
				D0533C5925331C830017134D /* DoubleLinkedList.mm */,
				D0533C5D253321190017134D /* DoubleLinked.cpp */,
				D0533C5E253321190017134D /* DoubleLinked.hpp */,
			);
			path = Algorithm;
			sourceTree = "<group>";
		};
/* End PBXGroup section */

/* Begin PBXNativeTarget section */
		D09F7DBF24FC918F00CCB629 /* Algorithm */ = {
			isa = PBXNativeTarget;
			buildConfigurationList = D09F7DC724FC918F00CCB629 /* Build configuration list for PBXNativeTarget "Algorithm" */;
			buildPhases = (
				D09F7DBC24FC918F00CCB629 /* Sources */,
				D09F7DBD24FC918F00CCB629 /* Frameworks */,
				D09F7DBE24FC918F00CCB629 /* CopyFiles */,
			);
			buildRules = (
			);
			dependencies = (
			);
			name = Algorithm;
			productName = Algorithm;
			productReference = D09F7DC024FC918F00CCB629 /* Algorithm */;
			productType = "com.apple.product-type.tool";
		};
/* End PBXNativeTarget section */

/* Begin PBXProject section */
		D09F7DB824FC918F00CCB629 /* Project object */ = {
			isa = PBXProject;
			attributes = {
				LastUpgradeCheck = 1160;
				ORGANIZATIONNAME = xiaoyuan;
				TargetAttributes = {
					D09F7DBF24FC918F00CCB629 = {
						CreatedOnToolsVersion = 11.6;
					};
				};
			};
			buildConfigurationList = D09F7DBB24FC918F00CCB629 /* Build configuration list for PBXProject "Algorithm" */;
			compatibilityVersion = "Xcode 9.3";
			developmentRegion = en;
			hasScannedForEncodings = 0;
			knownRegions = (
				en,
				Base,
			);
			mainGroup = D09F7DB724FC918F00CCB629;
			productRefGroup = D09F7DC124FC918F00CCB629 /* Products */;
			projectDirPath = "";
			projectRoot = "";
			targets = (
				D09F7DBF24FC918F00CCB629 /* Algorithm */,
			);
		};
/* End PBXProject section */

/* Begin PBXSourcesBuildPhase section */
		D09F7DBC24FC918F00CCB629 /* Sources */ = {
			isa = PBXSourcesBuildPhase;
			buildActionMask = 2147483647;
			files = (
				D07E811524FCDBFE0071C4C7 /* LinkedArray.m in Sources */,
				D09F7DC424FC918F00CCB629 /* main.m in Sources */,
				D0533C5F253321190017134D /* DoubleLinked.cpp in Sources */,
				D077A5172521C0BC0098F840 /* LRUCache.mm in Sources */,
				D0533C5A25331C830017134D /* DoubleLinkedList.mm in Sources */,
				D076865A24FDE63D00726246 /* XYDictionary.m in Sources */,
				D09F7DCF24FCA02200CCB629 /* CharReverse.m in Sources */,
				D07E811224FCD6510071C4C7 /* HeshFind.m in Sources */,
				D07E810F24FCB6C20071C4C7 /* ReverseList.m in Sources */,
			);
			runOnlyForDeploymentPostprocessing = 0;
		};
/* End PBXSourcesBuildPhase section */

/* Begin XCBuildConfiguration section */
		D09F7DC524FC918F00CCB629 /* Debug */ = {
			isa = XCBuildConfiguration;
			buildSettings = {
				ALWAYS_SEARCH_USER_PATHS = NO;
				CLANG_ANALYZER_NONNULL = YES;
				CLANG_ANALYZER_NUMBER_OBJECT_CONVERSION = YES_AGGRESSIVE;
				CLANG_CXX_LANGUAGE_STANDARD = "gnu++14";
				CLANG_CXX_LIBRARY = "libc++";
				CLANG_ENABLE_MODULES = YES;
				CLANG_ENABLE_OBJC_ARC = YES;
				CLANG_ENABLE_OBJC_WEAK = YES;
				CLANG_WARN_BLOCK_CAPTURE_AUTORELEASING = YES;
				CLANG_WARN_BOOL_CONVERSION = YES;
				CLANG_WARN_COMMA = YES;
				CLANG_WARN_CONSTANT_CONVERSION = YES;
				CLANG_WARN_DEPRECATED_OBJC_IMPLEMENTATIONS = YES;
				CLANG_WARN_DIRECT_OBJC_ISA_USAGE = YES_ERROR;
				CLANG_WARN_DOCUMENTATION_COMMENTS = YES;
				CLANG_WARN_EMPTY_BODY = YES;
				CLANG_WARN_ENUM_CONVERSION = YES;
				CLANG_WARN_INFINITE_RECURSION = YES;
				CLANG_WARN_INT_CONVERSION = YES;
				CLANG_WARN_NON_LITERAL_NULL_CONVERSION = YES;
				CLANG_WARN_OBJC_IMPLICIT_RETAIN_SELF = YES;
				CLANG_WARN_OBJC_LITERAL_CONVERSION = YES;
				CLANG_WARN_OBJC_ROOT_CLASS = YES_ERROR;
				CLANG_WARN_RANGE_LOOP_ANALYSIS = YES;
				CLANG_WARN_STRICT_PROTOTYPES = YES;
				CLANG_WARN_SUSPICIOUS_MOVE = YES;
				CLANG_WARN_UNGUARDED_AVAILABILITY = YES_AGGRESSIVE;
				CLANG_WARN_UNREACHABLE_CODE = YES;
				CLANG_WARN__DUPLICATE_METHOD_MATCH = YES;
				COPY_PHASE_STRIP = NO;
				DEBUG_INFORMATION_FORMAT = dwarf;
				ENABLE_STRICT_OBJC_MSGSEND = YES;
				ENABLE_TESTABILITY = YES;
				GCC_C_LANGUAGE_STANDARD = gnu11;
				GCC_DYNAMIC_NO_PIC = NO;
				GCC_NO_COMMON_BLOCKS = YES;
				GCC_OPTIMIZATION_LEVEL = 0;
				GCC_PREPROCESSOR_DEFINITIONS = (
					"DEBUG=1",
					"$(inherited)",
				);
				GCC_WARN_64_TO_32_BIT_CONVERSION = YES;
				GCC_WARN_ABOUT_RETURN_TYPE = YES_ERROR;
				GCC_WARN_UNDECLARED_SELECTOR = YES;
				GCC_WARN_UNINITIALIZED_AUTOS = YES_AGGRESSIVE;
				GCC_WARN_UNUSED_FUNCTION = YES;
				GCC_WARN_UNUSED_VARIABLE = YES;
				MACOSX_DEPLOYMENT_TARGET = 10.15;
				MTL_ENABLE_DEBUG_INFO = INCLUDE_SOURCE;
				MTL_FAST_MATH = YES;
				ONLY_ACTIVE_ARCH = YES;
				SDKROOT = macosx;
			};
			name = Debug;
		};
		D09F7DC624FC918F00CCB629 /* Release */ = {
			isa = XCBuildConfiguration;
			buildSettings = {
				ALWAYS_SEARCH_USER_PATHS = NO;
				CLANG_ANALYZER_NONNULL = YES;
				CLANG_ANALYZER_NUMBER_OBJECT_CONVERSION = YES_AGGRESSIVE;
				CLANG_CXX_LANGUAGE_STANDARD = "gnu++14";
				CLANG_CXX_LIBRARY = "libc++";
				CLANG_ENABLE_MODULES = YES;
				CLANG_ENABLE_OBJC_ARC = YES;
				CLANG_ENABLE_OBJC_WEAK = YES;
				CLANG_WARN_BLOCK_CAPTURE_AUTORELEASING = YES;
				CLANG_WARN_BOOL_CONVERSION = YES;
				CLANG_WARN_COMMA = YES;
				CLANG_WARN_CONSTANT_CONVERSION = YES;
				CLANG_WARN_DEPRECATED_OBJC_IMPLEMENTATIONS = YES;
				CLANG_WARN_DIRECT_OBJC_ISA_USAGE = YES_ERROR;
				CLANG_WARN_DOCUMENTATION_COMMENTS = YES;
				CLANG_WARN_EMPTY_BODY = YES;
				CLANG_WARN_ENUM_CONVERSION = YES;
				CLANG_WARN_INFINITE_RECURSION = YES;
				CLANG_WARN_INT_CONVERSION = YES;
				CLANG_WARN_NON_LITERAL_NULL_CONVERSION = YES;
				CLANG_WARN_OBJC_IMPLICIT_RETAIN_SELF = YES;
				CLANG_WARN_OBJC_LITERAL_CONVERSION = YES;
				CLANG_WARN_OBJC_ROOT_CLASS = YES_ERROR;
				CLANG_WARN_RANGE_LOOP_ANALYSIS = YES;
				CLANG_WARN_STRICT_PROTOTYPES = YES;
				CLANG_WARN_SUSPICIOUS_MOVE = YES;
				CLANG_WARN_UNGUARDED_AVAILABILITY = YES_AGGRESSIVE;
				CLANG_WARN_UNREACHABLE_CODE = YES;
				CLANG_WARN__DUPLICATE_METHOD_MATCH = YES;
				COPY_PHASE_STRIP = NO;
				DEBUG_INFORMATION_FORMAT = "dwarf-with-dsym";
				ENABLE_NS_ASSERTIONS = NO;
				ENABLE_STRICT_OBJC_MSGSEND = YES;
				GCC_C_LANGUAGE_STANDARD = gnu11;
				GCC_NO_COMMON_BLOCKS = YES;
				GCC_WARN_64_TO_32_BIT_CONVERSION = YES;
				GCC_WARN_ABOUT_RETURN_TYPE = YES_ERROR;
				GCC_WARN_UNDECLARED_SELECTOR = YES;
				GCC_WARN_UNINITIALIZED_AUTOS = YES_AGGRESSIVE;
				GCC_WARN_UNUSED_FUNCTION = YES;
				GCC_WARN_UNUSED_VARIABLE = YES;
				MACOSX_DEPLOYMENT_TARGET = 10.15;
				MTL_ENABLE_DEBUG_INFO = NO;
				MTL_FAST_MATH = YES;
				SDKROOT = macosx;
			};
			name = Release;
		};
		D09F7DC824FC918F00CCB629 /* Debug */ = {
			isa = XCBuildConfiguration;
			buildSettings = {
				CODE_SIGN_STYLE = Automatic;
				DEVELOPMENT_TEAM = 33TS6KJYJJ;
				ENABLE_HARDENED_RUNTIME = YES;
				PRODUCT_NAME = "$(TARGET_NAME)";
			};
			name = Debug;
		};
		D09F7DC924FC918F00CCB629 /* Release */ = {
			isa = XCBuildConfiguration;
			buildSettings = {
				CODE_SIGN_STYLE = Automatic;
				DEVELOPMENT_TEAM = 33TS6KJYJJ;
				ENABLE_HARDENED_RUNTIME = YES;
				PRODUCT_NAME = "$(TARGET_NAME)";
			};
			name = Release;
		};
/* End XCBuildConfiguration section */

/* Begin XCConfigurationList section */
		D09F7DBB24FC918F00CCB629 /* Build configuration list for PBXProject "Algorithm" */ = {
			isa = XCConfigurationList;
			buildConfigurations = (
				D09F7DC524FC918F00CCB629 /* Debug */,
				D09F7DC624FC918F00CCB629 /* Release */,
			);
			defaultConfigurationIsVisible = 0;
			defaultConfigurationName = Release;
		};
		D09F7DC724FC918F00CCB629 /* Build configuration list for PBXNativeTarget "Algorithm" */ = {
			isa = XCConfigurationList;
			buildConfigurations = (
				D09F7DC824FC918F00CCB629 /* Debug */,
				D09F7DC924FC918F00CCB629 /* Release */,
			);
			defaultConfigurationIsVisible = 0;
			defaultConfigurationName = Release;
		};
/* End XCConfigurationList section */
	};
	rootObject = D09F7DB824FC918F00CCB629 /* Project object */;
}
